Microsoft Visual Studio Solution File, Format Version 12.00
# Visual Studio Version 17
VisualStudioVersion = 17.12.35209.166
MinimumVisualStudioVersion = 10.0.40219.1
Project("{FAE04EC0-301F-11D3-BF4B-00C04F79EFBC}") = "EfAuditFeathre", "EfAuditFeature\EfAuditFeathre.csproj", "{E6FAFE15-E5B8-4254-86D5-31DCC0ED5F17}"
EndProject
Project("{FAE04EC0-301F-11D3-BF4B-00C04F79EFBC}") = "Consumer", "Consumer\Consumer.csproj", "{734E2591-34AD-4F9A-8F8C-F652B45F1739}"
EndProject
Global
	GlobalSection(SolutionConfigurationPlatforms) = preSolution
		Debug|Any CPU = Debug|Any CPU
		Release|Any CPU = Release|Any CPU
	EndGlobalSection
	GlobalSection(ProjectConfigurationPlatforms) = postSolution
		{E6FAFE15-E5B8-4254-86D5-31DCC0ED5F17}.Debug|Any CPU.ActiveCfg = Debug|Any CPU
		{E6FAFE15-E5B8-4254-86D5-31DCC0ED5F17}.Debug|Any CPU.Build.0 = Debug|Any CPU
		{E6FAFE15-E5B8-4254-86D5-31DCC0ED5F17}.Release|Any CPU.ActiveCfg = Release|Any CPU
		{E6FAFE15-E5B8-4254-86D5-31DCC0ED5F17}.Release|Any CPU.Build.0 = Release|Any CPU
		{734E2591-34AD-4F9A-8F8C-F652B45F1739}.Debug|Any CPU.ActiveCfg = Debug|Any CPU
		{734E2591-34AD-4F9A-8F8C-F652B45F1739}.Debug|Any CPU.Build.0 = Debug|Any CPU
		{734E2591-34AD-4F9A-8F8C-F652B45F1739}.Release|Any CPU.ActiveCfg = Release|Any CPU
		{734E2591-34AD-4F9A-8F8C-F652B45F1739}.Release|Any CPU.Build.0 = Release|Any CPU
	EndGlobalSection
	GlobalSection(SolutionProperties) = preSolution
		HideSolutionNode = FALSE
	EndGlobalSection
	GlobalSection(ExtensibilityGlobals) = postSolution
		SolutionGuid = {8FCC55EA-A80E-4FDB-8EF4-7A5498695642}
	EndGlobalSection
EndGlobal
